
Microsoft Visual Studio Solution File, Format Version 12.00
# Visual Studio 15
Project("{FAE04EC0-301F-11D3-BF4B-00C04F79EFBC}") = "Assembly-CSharp", "Assembly-CSharp.csproj", "{9DDFD3F2-B773-5104-398E-C2F147491586}"
EndProject
Global
	GlobalSection(SolutionConfigurationPlatforms) = preSolution
		Debug|Any CPU = Debug|Any CPU
		Release|Any CPU = Release|Any CPU
	EndGlobalSection
	GlobalSection(ProjectConfigurationPlatforms) = postSolution
		{9DDFD3F2-B773-5104-398E-C2F147491586}.Debug|Any CPU.ActiveCfg = Debug|Any CPU
		{9DDFD3F2-B773-5104-398E-C2F147491586}.Debug|Any CPU.Build.0 = Debug|Any CPU
		{9DDFD3F2-B773-5104-398E-C2F147491586}.Release|Any CPU.ActiveCfg = Release|Any CPU
		{9DDFD3F2-B773-5104-398E-C2F147491586}.Release|Any CPU.Build.0 = Release|Any CPU
	EndGlobalSection
	GlobalSection(SolutionProperties) = preSolution
		HideSolutionNode = FALSE
	EndGlobalSection
EndGlobal
